// !$*UTF8*$!
{
	archiveVersion = 1;
	classes = {
	};
	objectVersion = 50;
	objects = {

/* Begin PBXBuildFile section */
		3E764D8A2213FBAE00873787 /* AppDelegate.swift in Sources */ = {isa = PBXBuildFile; fileRef = 3E764D892213FBAE00873787 /* AppDelegate.swift */; };
		3E764D8F2213FBAE00873787 /* Main.storyboard in Resources */ = {isa = PBXBuildFile; fileRef = 3E764D8D2213FBAE00873787 /* Main.storyboard */; };
		3E764D912213FBC400873787 /* Assets.xcassets in Resources */ = {isa = PBXBuildFile; fileRef = 3E764D902213FBC400873787 /* Assets.xcassets */; };
		3E764D942213FBC400873787 /* LaunchScreen.storyboard in Resources */ = {isa = PBXBuildFile; fileRef = 3E764D922213FBC400873787 /* LaunchScreen.storyboard */; };
		3E764DA02213FD3A00873787 /* Films.swift in Sources */ = {isa = PBXBuildFile; fileRef = 3E764D9F2213FD3A00873787 /* Films.swift */; };
		3E764DA22213FFEF00873787 /* FilmViewController.swift in Sources */ = {isa = PBXBuildFile; fileRef = 3E764DA12213FFEF00873787 /* FilmViewController.swift */; };
		3E764DA4221463DB00873787 /* FilmTableViewCell.swift in Sources */ = {isa = PBXBuildFile; fileRef = 3E764DA3221463DA00873787 /* FilmTableViewCell.swift */; };
		3E764DA6221477E900873787 /* ViewController.swift in Sources */ = {isa = PBXBuildFile; fileRef = 3E764DA5221477E900873787 /* ViewController.swift */; };
		3E8974F7221AE27300CF01C3 /* ImageViewController.swift in Sources */ = {isa = PBXBuildFile; fileRef = 3E8974F6221AE27300CF01C3 /* ImageViewController.swift */; };
		3E96AC392222900C00CDF14F /* Kinopoisk.xcdatamodeld in Sources */ = {isa = PBXBuildFile; fileRef = 3E96AC372222900C00CDF14F /* Kinopoisk.xcdatamodeld */; };
		3E96AC3B22232DC300CDF14F /* FilmMO+init.swift in Sources */ = {isa = PBXBuildFile; fileRef = 3E96AC3A22232DC300CDF14F /* FilmMO+init.swift */; };
		3EE1406B221E8B5400F923A0 /* FilmViewController+UITadleViewDataSource.swift in Sources */ = {isa = PBXBuildFile; fileRef = 3EE1406A221E8B5400F923A0 /* FilmViewController+UITadleViewDataSource.swift */; };
		3EE1406D221E90F000F923A0 /* FilmViewController+UIViewDeligate.swift in Sources */ = {isa = PBXBuildFile; fileRef = 3EE1406C221E90F000F923A0 /* FilmViewController+UIViewDeligate.swift */; };
		3EE14071221F2C1400F923A0 /* EditTableViewController.swift in Sources */ = {isa = PBXBuildFile; fileRef = 3EE14070221F2C1400F923A0 /* EditTableViewController.swift */; };
		3EE14073221F485500F923A0 /* UITextField+textValue.swift in Sources */ = {isa = PBXBuildFile; fileRef = 3EE14072221F485500F923A0 /* UITextField+textValue.swift */; };
/* End PBXBuildFile section */

/* Begin PBXFileReference section */
		3E764D862213FBAE00873787 /* Кинопоиск.app */ = {isa = PBXFileReference; explicitFileType = wrapper.application; includeInIndex = 0; path = "Кинопоиск.app"; sourceTree = BUILT_PRODUCTS_DIR; };
		3E764D892213FBAE00873787 /* AppDelegate.swift */ = {isa = PBXFileReference; lastKnownFileType = sourcecode.swift; path = AppDelegate.swift; sourceTree = "<group>"; };
		3E764D8E2213FBAE00873787 /* Base */ = {isa = PBXFileReference; lastKnownFileType = file.storyboard; name = Base; path = Base.lproj/Main.storyboard; sourceTree = "<group>"; };
		3E764D902213FBC400873787 /* Assets.xcassets */ = {isa = PBXFileReference; lastKnownFileType = folder.assetcatalog; path = Assets.xcassets; sourceTree = "<group>"; };
		3E764D932213FBC400873787 /* Base */ = {isa = PBXFileReference; lastKnownFileType = file.storyboard; name = Base; path = Base.lproj/LaunchScreen.storyboard; sourceTree = "<group>"; };
		3E764D952213FBC400873787 /* Info.plist */ = {isa = PBXFileReference; lastKnownFileType = text.plist.xml; path = Info.plist; sourceTree = "<group>"; };
		3E764D9F2213FD3A00873787 /* Films.swift */ = {isa = PBXFileReference; lastKnownFileType = sourcecode.swift; path = Films.swift; sourceTree = "<group>"; };
		3E764DA12213FFEF00873787 /* FilmViewController.swift */ = {isa = PBXFileReference; lastKnownFileType = sourcecode.swift; path = FilmViewController.swift; sourceTree = "<group>"; };
		3E764DA3221463DA00873787 /* FilmTableViewCell.swift */ = {isa = PBXFileReference; lastKnownFileType = sourcecode.swift; path = FilmTableViewCell.swift; sourceTree = "<group>"; };
		3E764DA5221477E900873787 /* ViewController.swift */ = {isa = PBXFileReference; lastKnownFileType = sourcecode.swift; path = ViewController.swift; sourceTree = "<group>"; };
		3E8974F6221AE27300CF01C3 /* ImageViewController.swift */ = {isa = PBXFileReference; lastKnownFileType = sourcecode.swift; path = ImageViewController.swift; sourceTree = "<group>"; };
		3E96AC382222900C00CDF14F /* Кинопоиск.xcdatamodel */ = {isa = PBXFileReference; lastKnownFileType = wrapper.xcdatamodel; path = "Кинопоиск.xcdatamodel"; sourceTree = "<group>"; };
		3E96AC3A22232DC300CDF14F /* FilmMO+init.swift */ = {isa = PBXFileReference; lastKnownFileType = sourcecode.swift; path = "FilmMO+init.swift"; sourceTree = "<group>"; };
		3EE1406A221E8B5400F923A0 /* FilmViewController+UITadleViewDataSource.swift */ = {isa = PBXFileReference; lastKnownFileType = sourcecode.swift; path = "FilmViewController+UITadleViewDataSource.swift"; sourceTree = "<group>"; };
		3EE1406C221E90F000F923A0 /* FilmViewController+UIViewDeligate.swift */ = {isa = PBXFileReference; lastKnownFileType = sourcecode.swift; path = "FilmViewController+UIViewDeligate.swift"; sourceTree = "<group>"; };
		3EE14070221F2C1400F923A0 /* EditTableViewController.swift */ = {isa = PBXFileReference; lastKnownFileType = sourcecode.swift; path = EditTableViewController.swift; sourceTree = "<group>"; };
		3EE14072221F485500F923A0 /* UITextField+textValue.swift */ = {isa = PBXFileReference; lastKnownFileType = sourcecode.swift; path = "UITextField+textValue.swift"; sourceTree = "<group>"; };
/* End PBXFileReference section */

/* Begin PBXFrameworksBuildPhase section */
		3E764D832213FBAE00873787 /* Frameworks */ = {
			isa = PBXFrameworksBuildPhase;
			buildActionMask = 2147483647;
			files = (
			);
			runOnlyForDeploymentPostprocessing = 0;
		};
/* End PBXFrameworksBuildPhase section */

/* Begin PBXGroup section */
		3E764D7D2213FBAE00873787 = {
			isa = PBXGroup;
			children = (
				3E764D882213FBAE00873787 /* Кинопоиск */,
				3E764D872213FBAE00873787 /* Products */,
			);
			sourceTree = "<group>";
		};
		3E764D872213FBAE00873787 /* Products */ = {
			isa = PBXGroup;
			children = (
				3E764D862213FBAE00873787 /* Кинопоиск.app */,
			);
			name = Products;
			sourceTree = "<group>";
		};
		3E764D882213FBAE00873787 /* Кинопоиск */ = {
			isa = PBXGroup;
			children = (
				3E764D9B2213FBE000873787 /* Model */,
				3E764D9C2213FBF100873787 /* View */,
				3E764D9D2213FC0000873787 /* Controller */,
				3E764D9E2213FCA800873787 /* Support */,
				3E764D952213FBC400873787 /* Info.plist */,
			);
			path = "Кинопоиск";
			sourceTree = "<group>";
		};
		3E764D9B2213FBE000873787 /* Model */ = {
			isa = PBXGroup;
			children = (
				3E764D9F2213FD3A00873787 /* Films.swift */,
				3EE14072221F485500F923A0 /* UITextField+textValue.swift */,
				3E96AC372222900C00CDF14F /* Kinopoisk.xcdatamodeld */,
				3E96AC3A22232DC300CDF14F /* FilmMO+init.swift */,
			);
			path = Model;
			sourceTree = "<group>";
		};
		3E764D9C2213FBF100873787 /* View */ = {
			isa = PBXGroup;
			children = (
				3E764D8D2213FBAE00873787 /* Main.storyboard */,
				3E764D922213FBC400873787 /* LaunchScreen.storyboard */,
				3E764DA3221463DA00873787 /* FilmTableViewCell.swift */,
			);
			path = View;
			sourceTree = "<group>";
		};
		3E764D9D2213FC0000873787 /* Controller */ = {
			isa = PBXGroup;
			children = (
				3EE1406F221E9C0900F923A0 /* FilmTableViewController */,
				3E764DA5221477E900873787 /* ViewController.swift */,
				3E8974F6221AE27300CF01C3 /* ImageViewController.swift */,
				3EE14070221F2C1400F923A0 /* EditTableViewController.swift */,
			);
			path = Controller;
			sourceTree = "<group>";
		};
		3E764D9E2213FCA800873787 /* Support */ = {
			isa = PBXGroup;
			children = (
				3E764D892213FBAE00873787 /* AppDelegate.swift */,
				3E764D902213FBC400873787 /* Assets.xcassets */,
			);
			path = Support;
			sourceTree = "<group>";
		};
		3EE1406F221E9C0900F923A0 /* FilmTableViewController */ = {
			isa = PBXGroup;
			children = (
				3E764DA12213FFEF00873787 /* FilmViewController.swift */,
				3EE1406A221E8B5400F923A0 /* FilmViewController+UITadleViewDataSource.swift */,
				3EE1406C221E90F000F923A0 /* FilmViewController+UIViewDeligate.swift */,
			);
			path = FilmTableViewController;
			sourceTree = "<group>";
		};
/* End PBXGroup section */

/* Begin PBXNativeTarget section */
		3E764D852213FBAE00873787 /* Кинопоиск */ = {
			isa = PBXNativeTarget;
			buildConfigurationList = 3E764D982213FBC400873787 /* Build configuration list for PBXNativeTarget "Кинопоиск" */;
			buildPhases = (
				3E764D822213FBAE00873787 /* Sources */,
				3E764D832213FBAE00873787 /* Frameworks */,
				3E764D842213FBAE00873787 /* Resources */,
			);
			buildRules = (
			);
			dependencies = (
			);
			name = "Кинопоиск";
			productName = "Кинопоиск";
			productReference = 3E764D862213FBAE00873787 /* Кинопоиск.app */;
			productType = "com.apple.product-type.application";
		};
/* End PBXNativeTarget section */

/* Begin PBXProject section */
		3E764D7E2213FBAE00873787 /* Project object */ = {
			isa = PBXProject;
			attributes = {
				LastSwiftUpdateCheck = 1010;
				LastUpgradeCheck = 1010;
				ORGANIZATIONNAME = topMob;
				TargetAttributes = {
					3E764D852213FBAE00873787 = {
						CreatedOnToolsVersion = 10.1;
					};
				};
			};
			buildConfigurationList = 3E764D812213FBAE00873787 /* Build configuration list for PBXProject "Кинопоиск" */;
			compatibilityVersion = "Xcode 9.3";
			developmentRegion = en;
			hasScannedForEncodings = 0;
			knownRegions = (
				en,
				Base,
			);
			mainGroup = 3E764D7D2213FBAE00873787;
			productRefGroup = 3E764D872213FBAE00873787 /* Products */;
			projectDirPath = "";
			projectRoot = "";
			targets = (
				3E764D852213FBAE00873787 /* Кинопоиск */,
			);
		};
/* End PBXProject section */

/* Begin PBXResourcesBuildPhase section */
		3E764D842213FBAE00873787 /* Resources */ = {
			isa = PBXResourcesBuildPhase;
			buildActionMask = 2147483647;
			files = (
				3E764D942213FBC400873787 /* LaunchScreen.storyboard in Resources */,
				3E764D912213FBC400873787 /* Assets.xcassets in Resources */,
				3E764D8F2213FBAE00873787 /* Main.storyboard in Resources */,
			);
			runOnlyForDeploymentPostprocessing = 0;
		};
/* End PBXResourcesBuildPhase section */

/* Begin PBXSourcesBuildPhase section */
		3E764D822213FBAE00873787 /* Sources */ = {
			isa = PBXSourcesBuildPhase;
			buildActionMask = 2147483647;
			files = (
				3E764DA6221477E900873787 /* ViewController.swift in Sources */,
				3EE14071221F2C1400F923A0 /* EditTableViewController.swift in Sources */,
				3EE1406B221E8B5400F923A0 /* FilmViewController+UITadleViewDataSource.swift in Sources */,
				3E96AC392222900C00CDF14F /* Kinopoisk.xcdatamodeld in Sources */,
				3E764DA02213FD3A00873787 /* Films.swift in Sources */,
				3EE14073221F485500F923A0 /* UITextField+textValue.swift in Sources */,
				3E764DA4221463DB00873787 /* FilmTableViewCell.swift in Sources */,
				3E96AC3B22232DC300CDF14F /* FilmMO+init.swift in Sources */,
				3EE1406D221E90F000F923A0 /* FilmViewController+UIViewDeligate.swift in Sources */,
				3E764DA22213FFEF00873787 /* FilmViewController.swift in Sources */,
				3E8974F7221AE27300CF01C3 /* ImageViewController.swift in Sources */,
				3E764D8A2213FBAE00873787 /* AppDelegate.swift in Sources */,
			);
			runOnlyForDeploymentPostprocessing = 0;
		};
/* End PBXSourcesBuildPhase section */

/* Begin PBXVariantGroup section */
		3E764D8D2213FBAE00873787 /* Main.storyboard */ = {
			isa = PBXVariantGroup;
			children = (
				3E764D8E2213FBAE00873787 /* Base */,
			);
			name = Main.storyboard;
			sourceTree = "<group>";
		};
		3E764D922213FBC400873787 /* LaunchScreen.storyboard */ = {
			isa = PBXVariantGroup;
			children = (
				3E764D932213FBC400873787 /* Base */,
			);
			name = LaunchScreen.storyboard;
			sourceTree = "<group>";
		};
/* End PBXVariantGroup section */

/* Begin XCBuildConfiguration section */
		3E764D962213FBC400873787 /* Debug */ = {
			isa = XCBuildConfiguration;
			buildSettings = {
				ALWAYS_SEARCH_USER_PATHS = NO;
				CLANG_ANALYZER_NONNULL = YES;
				CLANG_ANALYZER_NUMBER_OBJECT_CONVERSION = YES_AGGRESSIVE;
				CLANG_CXX_LANGUAGE_STANDARD = "gnu++14";
				CLANG_CXX_LIBRARY = "libc++";
				CLANG_ENABLE_MODULES = YES;
				CLANG_ENABLE_OBJC_ARC = YES;
				CLANG_ENABLE_OBJC_WEAK = YES;
				CLANG_WARN_BLOCK_CAPTURE_AUTORELEASING = YES;
				CLANG_WARN_BOOL_CONVERSION = YES;
				CLANG_WARN_COMMA = YES;
				CLANG_WARN_CONSTANT_CONVERSION = YES;
				CLANG_WARN_DEPRECATED_OBJC_IMPLEMENTATIONS = YES;
				CLANG_WARN_DIRECT_OBJC_ISA_USAGE = YES_ERROR;
				CLANG_WARN_DOCUMENTATION_COMMENTS = YES;
				CLANG_WARN_EMPTY_BODY = YES;
				CLANG_WARN_ENUM_CONVERSION = YES;
				CLANG_WARN_INFINITE_RECURSION = YES;
				CLANG_WARN_INT_CONVERSION = YES;
				CLANG_WARN_NON_LITERAL_NULL_CONVERSION = YES;
				CLANG_WARN_OBJC_IMPLICIT_RETAIN_SELF = YES;
				CLANG_WARN_OBJC_LITERAL_CONVERSION = YES;
				CLANG_WARN_OBJC_ROOT_CLASS = YES_ERROR;
				CLANG_WARN_RANGE_LOOP_ANALYSIS = YES;
				CLANG_WARN_STRICT_PROTOTYPES = YES;
				CLANG_WARN_SUSPICIOUS_MOVE = YES;
				CLANG_WARN_UNGUARDED_AVAILABILITY = YES_AGGRESSIVE;
				CLANG_WARN_UNREACHABLE_CODE = YES;
				CLANG_WARN__DUPLICATE_METHOD_MATCH = YES;
				CODE_SIGN_IDENTITY = "iPhone Developer";
				COPY_PHASE_STRIP = NO;
				DEBUG_INFORMATION_FORMAT = dwarf;
				ENABLE_STRICT_OBJC_MSGSEND = YES;
				ENABLE_TESTABILITY = YES;
				GCC_C_LANGUAGE_STANDARD = gnu11;
				GCC_DYNAMIC_NO_PIC = NO;
				GCC_NO_COMMON_BLOCKS = YES;
				GCC_OPTIMIZATION_LEVEL = 0;
				GCC_PREPROCESSOR_DEFINITIONS = (
					"DEBUG=1",
					"$(inherited)",
				);
				GCC_WARN_64_TO_32_BIT_CONVERSION = YES;
				GCC_WARN_ABOUT_RETURN_TYPE = YES_ERROR;
				GCC_WARN_UNDECLARED_SELECTOR = YES;
				GCC_WARN_UNINITIALIZED_AUTOS = YES_AGGRESSIVE;
				GCC_WARN_UNUSED_FUNCTION = YES;
				GCC_WARN_UNUSED_VARIABLE = YES;
				IPHONEOS_DEPLOYMENT_TARGET = 12.1;
				MTL_ENABLE_DEBUG_INFO = INCLUDE_SOURCE;
				MTL_FAST_MATH = YES;
				ONLY_ACTIVE_ARCH = YES;
				SDKROOT = iphoneos;
				SWIFT_ACTIVE_COMPILATION_CONDITIONS = DEBUG;
				SWIFT_OPTIMIZATION_LEVEL = "-Onone";
			};
			name = Debug;
		};
		3E764D972213FBC400873787 /* Release */ = {
			isa = XCBuildConfiguration;
			buildSettings = {
				ALWAYS_SEARCH_USER_PATHS = NO;
				CLANG_ANALYZER_NONNULL = YES;
				CLANG_ANALYZER_NUMBER_OBJECT_CONVERSION = YES_AGGRESSIVE;
				CLANG_CXX_LANGUAGE_STANDARD = "gnu++14";
				CLANG_CXX_LIBRARY = "libc++";
				CLANG_ENABLE_MODULES = YES;
				CLANG_ENABLE_OBJC_ARC = YES;
				CLANG_ENABLE_OBJC_WEAK = YES;
				CLANG_WARN_BLOCK_CAPTURE_AUTORELEASING = YES;
				CLANG_WARN_BOOL_CONVERSION = YES;
				CLANG_WARN_COMMA = YES;
				CLANG_WARN_CONSTANT_CONVERSION = YES;
				CLANG_WARN_DEPRECATED_OBJC_IMPLEMENTATIONS = YES;
				CLANG_WARN_DIRECT_OBJC_ISA_USAGE = YES_ERROR;
				CLANG_WARN_DOCUMENTATION_COMMENTS = YES;
				CLANG_WARN_EMPTY_BODY = YES;
				CLANG_WARN_ENUM_CONVERSION = YES;
				CLANG_WARN_INFINITE_RECURSION = YES;
				CLANG_WARN_INT_CONVERSION = YES;
				CLANG_WARN_NON_LITERAL_NULL_CONVERSION = YES;
				CLANG_WARN_OBJC_IMPLICIT_RETAIN_SELF = YES;
				CLANG_WARN_OBJC_LITERAL_CONVERSION = YES;
				CLANG_WARN_OBJC_ROOT_CLASS = YES_ERROR;
				CLANG_WARN_RANGE_LOOP_ANALYSIS = YES;
				CLANG_WARN_STRICT_PROTOTYPES = YES;
				CLANG_WARN_SUSPICIOUS_MOVE = YES;
				CLANG_WARN_UNGUARDED_AVAILABILITY = YES_AGGRESSIVE;
				CLANG_WARN_UNREACHABLE_CODE = YES;
				CLANG_WARN__DUPLICATE_METHOD_MATCH = YES;
				CODE_SIGN_IDENTITY = "iPhone Developer";
				COPY_PHASE_STRIP = NO;
				DEBUG_INFORMATION_FORMAT = "dwarf-with-dsym";
				ENABLE_NS_ASSERTIONS = NO;
				ENABLE_STRICT_OBJC_MSGSEND = YES;
				GCC_C_LANGUAGE_STANDARD = gnu11;
				GCC_NO_COMMON_BLOCKS = YES;
				GCC_WARN_64_TO_32_BIT_CONVERSION = YES;
				GCC_WARN_ABOUT_RETURN_TYPE = YES_ERROR;
				GCC_WARN_UNDECLARED_SELECTOR = YES;
				GCC_WARN_UNINITIALIZED_AUTOS = YES_AGGRESSIVE;
				GCC_WARN_UNUSED_FUNCTION = YES;
				GCC_WARN_UNUSED_VARIABLE = YES;
				IPHONEOS_DEPLOYMENT_TARGET = 12.1;
				MTL_ENABLE_DEBUG_INFO = NO;
				MTL_FAST_MATH = YES;
				SDKROOT = iphoneos;
				SWIFT_COMPILATION_MODE = wholemodule;
				SWIFT_OPTIMIZATION_LEVEL = "-O";
				VALIDATE_PRODUCT = YES;
			};
			name = Release;
		};
		3E764D992213FBC400873787 /* Debug */ = {
			isa = XCBuildConfiguration;
			buildSettings = {
				ASSETCATALOG_COMPILER_APPICON_NAME = AppIcon;
				CODE_SIGN_STYLE = Automatic;
				DEVELOPMENT_TEAM = 9KUAS6U468;
				INFOPLIST_FILE = "Кинопоиск/Info.plist";
				LD_RUNPATH_SEARCH_PATHS = (
					"$(inherited)",
					"@executable_path/Frameworks",
				);
				PRODUCT_BUNDLE_IDENTIFIER = "topMob.---------";
				PRODUCT_NAME = "$(TARGET_NAME)";
				SWIFT_VERSION = 4.2;
				TARGETED_DEVICE_FAMILY = "1,2";
			};
			name = Debug;
		};
		3E764D9A2213FBC400873787 /* Release */ = {
			isa = XCBuildConfiguration;
			buildSettings = {
				ASSETCATALOG_COMPILER_APPICON_NAME = AppIcon;
				CODE_SIGN_STYLE = Automatic;
				DEVELOPMENT_TEAM = 9KUAS6U468;
				INFOPLIST_FILE = "Кинопоиск/Info.plist";
				LD_RUNPATH_SEARCH_PATHS = (
					"$(inherited)",
					"@executable_path/Frameworks",
				);
				PRODUCT_BUNDLE_IDENTIFIER = "topMob.---------";
				PRODUCT_NAME = "$(TARGET_NAME)";
				SWIFT_VERSION = 4.2;
				TARGETED_DEVICE_FAMILY = "1,2";
			};
			name = Release;
		};
/* End XCBuildConfiguration section */

/* Begin XCConfigurationList section */
		3E764D812213FBAE00873787 /* Build configuration list for PBXProject "Кинопоиск" */ = {
			isa = XCConfigurationList;
			buildConfigurations = (
				3E764D962213FBC400873787 /* Debug */,
				3E764D972213FBC400873787 /* Release */,
			);
			defaultConfigurationIsVisible = 0;
			defaultConfigurationName = Release;
		};
		3E764D982213FBC400873787 /* Build configuration list for PBXNativeTarget "Кинопоиск" */ = {
			isa = XCConfigurationList;
			buildConfigurations = (
				3E764D992213FBC400873787 /* Debug */,
				3E764D9A2213FBC400873787 /* Release */,
			);
			defaultConfigurationIsVisible = 0;
			defaultConfigurationName = Release;
		};
/* End XCConfigurationList section */

/* Begin XCVersionGroup section */
		3E96AC372222900C00CDF14F /* Kinopoisk.xcdatamodeld */ = {
			isa = XCVersionGroup;
			children = (
				3E96AC382222900C00CDF14F /* Кинопоиск.xcdatamodel */,
			);
			currentVersion = 3E96AC382222900C00CDF14F /* Кинопоиск.xcdatamodel */;
			path = Kinopoisk.xcdatamodeld;
			sourceTree = "<group>";
			versionGroupType = wrapper.xcdatamodel;
		};
/* End XCVersionGroup section */
	};
	rootObject = 3E764D7E2213FBAE00873787 /* Project object */;
}
